<?xml version="1.0" encoding="utf-8"?>
<Project ToolsVersion="4.0" xmlns="http://schemas.microsoft.com/developer/msbuild/2003">
  <ItemGroup>
    <Filter Include="Source Files">
      <UniqueIdentifier>{4FC737F1-C7A5-4376-A066-2A32D752A2FF}</UniqueIdentifier>
      <Extensions>cpp;c;cc;cxx;c++;cppm;ixx;def;odl;idl;hpj;bat;asm;asmx</Extensions>
    </Filter>
    <Filter Include="Header Files">
      <UniqueIdentifier>{93995380-89BD-4b04-88EB-625FBE52EBFB}</UniqueIdentifier>
      <Extensions>h;hh;hpp;hxx;h++;hm;inl;inc;ipp;xsd</Extensions>
    </Filter>
    <Filter Include="Resource Files">
      <UniqueIdentifier>{67DA6AB6-F800-4c08-8B7A-83BB121AAD01}</UniqueIdentifier>
      <Extensions>rc;ico;cur;bmp;dlg;rc2;rct;bin;rgs;gif;jpg;jpeg;jpe;resx;tiff;tif;png;wav;mfcribbon-ms</Extensions>
    </Filter>
  </ItemGroup>
  <ItemGroup>
    <ClInclude Include="RAMES.h">
      <Filter>Header Files</Filter>
    </ClInclude>
    <ClInclude Include="framework.h">
      <Filter>Header Files</Filter>
    </ClInclude>
    <ClInclude Include="targetver.h">
      <Filter>Header Files</Filter>
    </ClInclude>
    <ClInclude Include="MainFrm.h">
      <Filter>Header Files</Filter>
    </ClInclude>
    <ClInclude Include="RAMESDoc.h">
      <Filter>Header Files</Filter>
    </ClInclude>
    <ClInclude Include="RAMESView.h">
      <Filter>Header Files</Filter>
    </ClInclude>
    <ClInclude Include="Resource.h">
      <Filter>Header Files</Filter>
    </ClInclude>
    <ClInclude Include="pch.h">
      <Filter>Header Files</Filter>
    </ClInclude>
    <ClInclude Include="KPlik.h">
      <Filter>Header Files</Filter>
    </ClInclude>
    <ClInclude Include="KSiatka.h">
      <Filter>Header Files</Filter>
    </ClInclude>
    <ClInclude Include="KWezel1D.h">
      <Filter>Header Files</Filter>
    </ClInclude>
    <ClInclude Include="KElement1D.h">
      <Filter>Header Files</Filter>
    </ClInclude>
    <ClInclude Include="KMacierz.h">
      <Filter>Header Files</Filter>
    </ClInclude>
    <ClInclude Include="KMacierzSRF.h">
      <Filter>Header Files</Filter>
    </ClInclude>
    <ClInclude Include="KDane.h">
      <Filter>Header Files</Filter>
    </ClInclude>
    <ClInclude Include="KObliczenia.h">
      <Filter>Header Files</Filter>
    </ClInclude>
    <ClInclude Include="KUkladRownan.h">
      <Filter>Header Files</Filter>
    </ClInclude>
    <ClInclude Include="mes.h">
      <Filter>Header Files</Filter>
    </ClInclude>
    <ClInclude Include="KWektor.h">
      <Filter>Header Files</Filter>
    </ClInclude>
    <ClInclude Include="DlgObliczeniaUstawienia.h">
      <Filter>Header Files</Filter>
    </ClInclude>
    <ClInclude Include="KMacierzSPF.h">
      <Filter>Header Files</Filter>
    </ClInclude>
    <ClInclude Include="DlgWynikiUstawienia.h">
      <Filter>Header Files</Filter>
    </ClInclude>
  </ItemGroup>
  <ItemGroup>
    <ClCompile Include="RAMES.cpp">
      <Filter>Source Files</Filter>
    </ClCompile>
    <ClCompile Include="MainFrm.cpp">
      <Filter>Source Files</Filter>
    </ClCompile>
    <ClCompile Include="RAMESDoc.cpp">
      <Filter>Source Files</Filter>
    </ClCompile>
    <ClCompile Include="RAMESView.cpp">
      <Filter>Source Files</Filter>
    </ClCompile>
    <ClCompile Include="pch.cpp">
      <Filter>Source Files</Filter>
    </ClCompile>
    <ClCompile Include="KPlik.cpp">
      <Filter>Source Files</Filter>
    </ClCompile>
    <ClCompile Include="KSiatka.cpp">
      <Filter>Source Files</Filter>
    </ClCompile>
    <ClCompile Include="KWezel1D.cpp">
      <Filter>Source Files</Filter>
    </ClCompile>
    <ClCompile Include="KElement1D.cpp">
      <Filter>Source Files</Filter>
    </ClCompile>
    <ClCompile Include="KMacierz.cpp">
      <Filter>Source Files</Filter>
    </ClCompile>
    <ClCompile Include="KMacierzSRF.cpp">
      <Filter>Source Files</Filter>
    </ClCompile>
    <ClCompile Include="KDane.cpp">
      <Filter>Source Files</Filter>
    </ClCompile>
    <ClCompile Include="KObliczenia.cpp">
      <Filter>Source Files</Filter>
    </ClCompile>
    <ClCompile Include="KUkladRownan.cpp">
      <Filter>Source Files</Filter>
    </ClCompile>
    <ClCompile Include="mes.cpp">
      <Filter>Source Files</Filter>
    </ClCompile>
    <ClCompile Include="KWektor.cpp">
      <Filter>Source Files</Filter>
    </ClCompile>
    <ClCompile Include="DlgObliczeniaUstawienia.cpp">
      <Filter>Source Files</Filter>
    </ClCompile>
    <ClCompile Include="KMacierzSPF.cpp">
      <Filter>Source Files</Filter>
    </ClCompile>
    <ClCompile Include="DlgWynikiUstawienia.cpp">
      <Filter>Source Files</Filter>
    </ClCompile>
  </ItemGroup>
  <ItemGroup>
    <ResourceCompile Include="RAMES.rc">
      <Filter>Resource Files</Filter>
    </ResourceCompile>
  </ItemGroup>
  <ItemGroup>
    <Image Include="res\userimages.bmp">
      <Filter>Resource Files</Filter>
    </Image>
    <Image Include="res\RAMESDoc.ico">
      <Filter>Resource Files</Filter>
    </Image>
    <Image Include="res\RAMES.ico">
      <Filter>Resource Files</Filter>
    </Image>
    <Image Include="res\Toolbar.bmp">
      <Filter>Resource Files</Filter>
    </Image>
    <Image Include="res\Toolbar256.bmp">
      <Filter>Resource Files</Filter>
    </Image>
  </ItemGroup>
  <ItemGroup>
    <None Include="res\RAMES.rc2">
      <Filter>Resource Files</Filter>
    </None>
  </ItemGroup>
</Project>